
Microsoft Visual Studio Solution File, Format Version 12.00
# Visual Studio Version 16
VisualStudioVersion = 16.0.29905.134
MinimumVisualStudioVersion = 10.0.40219.1
Project("{FAE04EC0-301F-11D3-BF4B-00C04F79EFBC}") = "MyFirstApp", "MyFirstApp.csproj", "{68A9A655-AE87-4AE8-BCA0-83BAB1F8240B}"
EndProject
Global
	GlobalSection(SolutionConfigurationPlatforms) = preSolution
		Debug|Any CPU = Debug|Any CPU
		Release|Any CPU = Release|Any CPU
	EndGlobalSection
	GlobalSection(ProjectConfigurationPlatforms) = postSolution
		{68A9A655-AE87-4AE8-BCA0-83BAB1F8240B}.Debug|Any CPU.ActiveCfg = Debug|Any CPU
		{68A9A655-AE87-4AE8-BCA0-83BAB1F8240B}.Debug|Any CPU.Build.0 = Debug|Any CPU
		{68A9A655-AE87-4AE8-BCA0-83BAB1F8240B}.Release|Any CPU.ActiveCfg = Release|Any CPU
		{68A9A655-AE87-4AE8-BCA0-83BAB1F8240B}.Release|Any CPU.Build.0 = Release|Any CPU
	EndGlobalSection
	GlobalSection(SolutionProperties) = preSolution
		HideSolutionNode = FALSE
	EndGlobalSection
	GlobalSection(ExtensibilityGlobals) = postSolution
		SolutionGuid = {5982F34B-E13A-4D2E-9B15-594B65569EE4}
	EndGlobalSection
EndGlobal
